// !$*UTF8*$!
{
	archiveVersion = 1;
	classes = {
	};
	objectVersion = 50;
	objects = {

/* Begin PBXBuildFile section */
		571A1B6623397385005F0E25 /* ViewController+Logic.swift in Sources */ = {isa = PBXBuildFile; fileRef = 571A1B6523397385005F0E25 /* ViewController+Logic.swift */; };
		573607B923394481002518D0 /* AppDelegate.swift in Sources */ = {isa = PBXBuildFile; fileRef = 573607B823394481002518D0 /* AppDelegate.swift */; };
		573607BB23394481002518D0 /* SceneDelegate.swift in Sources */ = {isa = PBXBuildFile; fileRef = 573607BA23394481002518D0 /* SceneDelegate.swift */; };
		573607BD23394481002518D0 /* ViewController.swift in Sources */ = {isa = PBXBuildFile; fileRef = 573607BC23394481002518D0 /* ViewController.swift */; };
		573607C023394481002518D0 /* Main.storyboard in Resources */ = {isa = PBXBuildFile; fileRef = 573607BE23394481002518D0 /* Main.storyboard */; };
		573607C223394482002518D0 /* Assets.xcassets in Resources */ = {isa = PBXBuildFile; fileRef = 573607C123394482002518D0 /* Assets.xcassets */; };
		573607C523394482002518D0 /* LaunchScreen.storyboard in Resources */ = {isa = PBXBuildFile; fileRef = 573607C323394482002518D0 /* LaunchScreen.storyboard */; };
		573607D023394482002518D0 /* CalcTests.swift in Sources */ = {isa = PBXBuildFile; fileRef = 573607CF23394482002518D0 /* CalcTests.swift */; };
		573607DB23394482002518D0 /* CalcUITests.swift in Sources */ = {isa = PBXBuildFile; fileRef = 573607DA23394482002518D0 /* CalcUITests.swift */; };
/* End PBXBuildFile section */

/* Begin PBXContainerItemProxy section */
		573607CC23394482002518D0 /* PBXContainerItemProxy */ = {
			isa = PBXContainerItemProxy;
			containerPortal = 573607AD23394481002518D0 /* Project object */;
			proxyType = 1;
			remoteGlobalIDString = 573607B423394481002518D0;
			remoteInfo = Calc;
		};
		573607D723394482002518D0 /* PBXContainerItemProxy */ = {
			isa = PBXContainerItemProxy;
			containerPortal = 573607AD23394481002518D0 /* Project object */;
			proxyType = 1;
			remoteGlobalIDString = 573607B423394481002518D0;
			remoteInfo = Calc;
		};
/* End PBXContainerItemProxy section */

/* Begin PBXFileReference section */
		571A1B6523397385005F0E25 /* ViewController+Logic.swift */ = {isa = PBXFileReference; lastKnownFileType = sourcecode.swift; path = "ViewController+Logic.swift"; sourceTree = "<group>"; };
		573607B523394481002518D0 /* Calc.app */ = {isa = PBXFileReference; explicitFileType = wrapper.application; includeInIndex = 0; path = Calc.app; sourceTree = BUILT_PRODUCTS_DIR; };
		573607B823394481002518D0 /* AppDelegate.swift */ = {isa = PBXFileReference; lastKnownFileType = sourcecode.swift; path = AppDelegate.swift; sourceTree = "<group>"; };
		573607BA23394481002518D0 /* SceneDelegate.swift */ = {isa = PBXFileReference; lastKnownFileType = sourcecode.swift; path = SceneDelegate.swift; sourceTree = "<group>"; };
		573607BC23394481002518D0 /* ViewController.swift */ = {isa = PBXFileReference; lastKnownFileType = sourcecode.swift; path = ViewController.swift; sourceTree = "<group>"; };
		573607BF23394481002518D0 /* Base */ = {isa = PBXFileReference; lastKnownFileType = file.storyboard; name = Base; path = Base.lproj/Main.storyboard; sourceTree = "<group>"; };
		573607C123394482002518D0 /* Assets.xcassets */ = {isa = PBXFileReference; lastKnownFileType = folder.assetcatalog; path = Assets.xcassets; sourceTree = "<group>"; };
		573607C423394482002518D0 /* Base */ = {isa = PBXFileReference; lastKnownFileType = file.storyboard; name = Base; path = Base.lproj/LaunchScreen.storyboard; sourceTree = "<group>"; };
		573607C623394482002518D0 /* Info.plist */ = {isa = PBXFileReference; lastKnownFileType = text.plist.xml; path = Info.plist; sourceTree = "<group>"; };
		573607CB23394482002518D0 /* CalcTests.xctest */ = {isa = PBXFileReference; explicitFileType = wrapper.cfbundle; includeInIndex = 0; path = CalcTests.xctest; sourceTree = BUILT_PRODUCTS_DIR; };
		573607CF23394482002518D0 /* CalcTests.swift */ = {isa = PBXFileReference; lastKnownFileType = sourcecode.swift; path = CalcTests.swift; sourceTree = "<group>"; };
		573607D123394482002518D0 /* Info.plist */ = {isa = PBXFileReference; lastKnownFileType = text.plist.xml; path = Info.plist; sourceTree = "<group>"; };
		573607D623394482002518D0 /* CalcUITests.xctest */ = {isa = PBXFileReference; explicitFileType = wrapper.cfbundle; includeInIndex = 0; path = CalcUITests.xctest; sourceTree = BUILT_PRODUCTS_DIR; };
		573607DA23394482002518D0 /* CalcUITests.swift */ = {isa = PBXFileReference; lastKnownFileType = sourcecode.swift; path = CalcUITests.swift; sourceTree = "<group>"; };
		573607DC23394482002518D0 /* Info.plist */ = {isa = PBXFileReference; lastKnownFileType = text.plist.xml; path = Info.plist; sourceTree = "<group>"; };
/* End PBXFileReference section */

/* Begin PBXFrameworksBuildPhase section */
		573607B223394481002518D0 /* Frameworks */ = {
			isa = PBXFrameworksBuildPhase;
			buildActionMask = 2147483647;
			files = (
			);
			runOnlyForDeploymentPostprocessing = 0;
		};
		573607C823394482002518D0 /* Frameworks */ = {
			isa = PBXFrameworksBuildPhase;
			buildActionMask = 2147483647;
			files = (
			);
			runOnlyForDeploymentPostprocessing = 0;
		};
		573607D323394482002518D0 /* Frameworks */ = {
			isa = PBXFrameworksBuildPhase;
			buildActionMask = 2147483647;
			files = (
			);
			runOnlyForDeploymentPostprocessing = 0;
		};
/* End PBXFrameworksBuildPhase section */

/* Begin PBXGroup section */
		573607AC23394481002518D0 = {
			isa = PBXGroup;
			children = (
				573607B723394481002518D0 /* Calc */,
				573607CE23394482002518D0 /* CalcTests */,
				573607D923394482002518D0 /* CalcUITests */,
				573607B623394481002518D0 /* Products */,
			);
			sourceTree = "<group>";
		};
		573607B623394481002518D0 /* Products */ = {
			isa = PBXGroup;
			children = (
				573607B523394481002518D0 /* Calc.app */,
				573607CB23394482002518D0 /* CalcTests.xctest */,
				573607D623394482002518D0 /* CalcUITests.xctest */,
			);
			name = Products;
			sourceTree = "<group>";
		};
		573607B723394481002518D0 /* Calc */ = {
			isa = PBXGroup;
			children = (
				573607B823394481002518D0 /* AppDelegate.swift */,
				573607BA23394481002518D0 /* SceneDelegate.swift */,
				573607BC23394481002518D0 /* ViewController.swift */,
				571A1B6523397385005F0E25 /* ViewController+Logic.swift */,
				573607C323394482002518D0 /* LaunchScreen.storyboard */,
				573607BE23394481002518D0 /* Main.storyboard */,
				573607C123394482002518D0 /* Assets.xcassets */,
				573607C623394482002518D0 /* Info.plist */,
			);
			path = Calc;
			sourceTree = "<group>";
		};
		573607CE23394482002518D0 /* CalcTests */ = {
			isa = PBXGroup;
			children = (
				573607CF23394482002518D0 /* CalcTests.swift */,
				573607D123394482002518D0 /* Info.plist */,
			);
			path = CalcTests;
			sourceTree = "<group>";
		};
		573607D923394482002518D0 /* CalcUITests */ = {
			isa = PBXGroup;
			children = (
				573607DA23394482002518D0 /* CalcUITests.swift */,
				573607DC23394482002518D0 /* Info.plist */,
			);
			path = CalcUITests;
			sourceTree = "<group>";
		};
/* End PBXGroup section */

/* Begin PBXNativeTarget section */
		573607B423394481002518D0 /* Calc */ = {
			isa = PBXNativeTarget;
			buildConfigurationList = 573607DF23394482002518D0 /* Build configuration list for PBXNativeTarget "Calc" */;
			buildPhases = (
				573607B123394481002518D0 /* Sources */,
				573607B223394481002518D0 /* Frameworks */,
				573607B323394481002518D0 /* Resources */,
			);
			buildRules = (
			);
			dependencies = (
			);
			name = Calc;
			productName = Calc;
			productReference = 573607B523394481002518D0 /* Calc.app */;
			productType = "com.apple.product-type.application";
		};
		573607CA23394482002518D0 /* CalcTests */ = {
			isa = PBXNativeTarget;
			buildConfigurationList = 573607E223394482002518D0 /* Build configuration list for PBXNativeTarget "CalcTests" */;
			buildPhases = (
				573607C723394482002518D0 /* Sources */,
				573607C823394482002518D0 /* Frameworks */,
				573607C923394482002518D0 /* Resources */,
			);
			buildRules = (
			);
			dependencies = (
				573607CD23394482002518D0 /* PBXTargetDependency */,
			);
			name = CalcTests;
			productName = CalcTests;
			productReference = 573607CB23394482002518D0 /* CalcTests.xctest */;
			productType = "com.apple.product-type.bundle.unit-test";
		};
		573607D523394482002518D0 /* CalcUITests */ = {
			isa = PBXNativeTarget;
			buildConfigurationList = 573607E523394482002518D0 /* Build configuration list for PBXNativeTarget "CalcUITests" */;
			buildPhases = (
				573607D223394482002518D0 /* Sources */,
				573607D323394482002518D0 /* Frameworks */,
				573607D423394482002518D0 /* Resources */,
			);
			buildRules = (
			);
			dependencies = (
				573607D823394482002518D0 /* PBXTargetDependency */,
			);
			name = CalcUITests;
			productName = CalcUITests;
			productReference = 573607D623394482002518D0 /* CalcUITests.xctest */;
			productType = "com.apple.product-type.bundle.ui-testing";
		};
/* End PBXNativeTarget section */

/* Begin PBXProject section */
		573607AD23394481002518D0 /* Project object */ = {
			isa = PBXProject;
			attributes = {
				LastSwiftUpdateCheck = 1100;
				LastUpgradeCheck = 1100;
				ORGANIZATIONNAME = "Oliver Paray";
				TargetAttributes = {
					573607B423394481002518D0 = {
						CreatedOnToolsVersion = 11.0;
					};
					573607CA23394482002518D0 = {
						CreatedOnToolsVersion = 11.0;
						TestTargetID = 573607B423394481002518D0;
					};
					573607D523394482002518D0 = {
						CreatedOnToolsVersion = 11.0;
						TestTargetID = 573607B423394481002518D0;
					};
				};
			};
			buildConfigurationList = 573607B023394481002518D0 /* Build configuration list for PBXProject "Calc" */;
			compatibilityVersion = "Xcode 9.3";
			developmentRegion = en;
			hasScannedForEncodings = 0;
			knownRegions = (
				en,
				Base,
			);
			mainGroup = 573607AC23394481002518D0;
			productRefGroup = 573607B623394481002518D0 /* Products */;
			projectDirPath = "";
			projectRoot = "";
			targets = (
				573607B423394481002518D0 /* Calc */,
				573607CA23394482002518D0 /* CalcTests */,
				573607D523394482002518D0 /* CalcUITests */,
			);
		};
/* End PBXProject section */

/* Begin PBXResourcesBuildPhase section */
		573607B323394481002518D0 /* Resources */ = {
			isa = PBXResourcesBuildPhase;
			buildActionMask = 2147483647;
			files = (
				573607C523394482002518D0 /* LaunchScreen.storyboard in Resources */,
				573607C223394482002518D0 /* Assets.xcassets in Resources */,
				573607C023394481002518D0 /* Main.storyboard in Resources */,
			);
			runOnlyForDeploymentPostprocessing = 0;
		};
		573607C923394482002518D0 /* Resources */ = {
			isa = PBXResourcesBuildPhase;
			buildActionMask = 2147483647;
			files = (
			);
			runOnlyForDeploymentPostprocessing = 0;
		};
		573607D423394482002518D0 /* Resources */ = {
			isa = PBXResourcesBuildPhase;
			buildActionMask = 2147483647;
			files = (
			);
			runOnlyForDeploymentPostprocessing = 0;
		};
/* End PBXResourcesBuildPhase section */

/* Begin PBXSourcesBuildPhase section */
		573607B123394481002518D0 /* Sources */ = {
			isa = PBXSourcesBuildPhase;
			buildActionMask = 2147483647;
			files = (
				573607BD23394481002518D0 /* ViewController.swift in Sources */,
				571A1B6623397385005F0E25 /* ViewController+Logic.swift in Sources */,
				573607B923394481002518D0 /* AppDelegate.swift in Sources */,
				573607BB23394481002518D0 /* SceneDelegate.swift in Sources */,
			);
			runOnlyForDeploymentPostprocessing = 0;
		};
		573607C723394482002518D0 /* Sources */ = {
			isa = PBXSourcesBuildPhase;
			buildActionMask = 2147483647;
			files = (
				573607D023394482002518D0 /* CalcTests.swift in Sources */,
			);
			runOnlyForDeploymentPostprocessing = 0;
		};
		573607D223394482002518D0 /* Sources */ = {
			isa = PBXSourcesBuildPhase;
			buildActionMask = 2147483647;
			files = (
				573607DB23394482002518D0 /* CalcUITests.swift in Sources */,
			);
			runOnlyForDeploymentPostprocessing = 0;
		};
/* End PBXSourcesBuildPhase section */

/* Begin PBXTargetDependency section */
		573607CD23394482002518D0 /* PBXTargetDependency */ = {
			isa = PBXTargetDependency;
			target = 573607B423394481002518D0 /* Calc */;
			targetProxy = 573607CC23394482002518D0 /* PBXContainerItemProxy */;
		};
		573607D823394482002518D0 /* PBXTargetDependency */ = {
			isa = PBXTargetDependency;
			target = 573607B423394481002518D0 /* Calc */;
			targetProxy = 573607D723394482002518D0 /* PBXContainerItemProxy */;
		};
/* End PBXTargetDependency section */

/* Begin PBXVariantGroup section */
		573607BE23394481002518D0 /* Main.storyboard */ = {
			isa = PBXVariantGroup;
			children = (
				573607BF23394481002518D0 /* Base */,
			);
			name = Main.storyboard;
			sourceTree = "<group>";
		};
		573607C323394482002518D0 /* LaunchScreen.storyboard */ = {
			isa = PBXVariantGroup;
			children = (
				573607C423394482002518D0 /* Base */,
			);
			name = LaunchScreen.storyboard;
			sourceTree = "<group>";
		};
/* End PBXVariantGroup section */

/* Begin XCBuildConfiguration section */
		573607DD23394482002518D0 /* Debug */ = {
			isa = XCBuildConfiguration;
			buildSettings = {
				ALWAYS_SEARCH_USER_PATHS = NO;
				CLANG_ANALYZER_NONNULL = YES;
				CLANG_ANALYZER_NUMBER_OBJECT_CONVERSION = YES_AGGRESSIVE;
				CLANG_CXX_LANGUAGE_STANDARD = "gnu++14";
				CLANG_CXX_LIBRARY = "libc++";
				CLANG_ENABLE_MODULES = YES;
				CLANG_ENABLE_OBJC_ARC = YES;
				CLANG_ENABLE_OBJC_WEAK = YES;
				CLANG_WARN_BLOCK_CAPTURE_AUTORELEASING = YES;
				CLANG_WARN_BOOL_CONVERSION = YES;
				CLANG_WARN_COMMA = YES;
				CLANG_WARN_CONSTANT_CONVERSION = YES;
				CLANG_WARN_DEPRECATED_OBJC_IMPLEMENTATIONS = YES;
				CLANG_WARN_DIRECT_OBJC_ISA_USAGE = YES_ERROR;
				CLANG_WARN_DOCUMENTATION_COMMENTS = YES;
				CLANG_WARN_EMPTY_BODY = YES;
				CLANG_WARN_ENUM_CONVERSION = YES;
				CLANG_WARN_INFINITE_RECURSION = YES;
				CLANG_WARN_INT_CONVERSION = YES;
				CLANG_WARN_NON_LITERAL_NULL_CONVERSION = YES;
				CLANG_WARN_OBJC_IMPLICIT_RETAIN_SELF = YES;
				CLANG_WARN_OBJC_LITERAL_CONVERSION = YES;
				CLANG_WARN_OBJC_ROOT_CLASS = YES_ERROR;
				CLANG_WARN_RANGE_LOOP_ANALYSIS = YES;
				CLANG_WARN_STRICT_PROTOTYPES = YES;
				CLANG_WARN_SUSPICIOUS_MOVE = YES;
				CLANG_WARN_UNGUARDED_AVAILABILITY = YES_AGGRESSIVE;
				CLANG_WARN_UNREACHABLE_CODE = YES;
				CLANG_WARN__DUPLICATE_METHOD_MATCH = YES;
				COPY_PHASE_STRIP = NO;
				DEBUG_INFORMATION_FORMAT = dwarf;
				ENABLE_STRICT_OBJC_MSGSEND = YES;
				ENABLE_TESTABILITY = YES;
				GCC_C_LANGUAGE_STANDARD = gnu11;
				GCC_DYNAMIC_NO_PIC = NO;
				GCC_NO_COMMON_BLOCKS = YES;
				GCC_OPTIMIZATION_LEVEL = 0;
				GCC_PREPROCESSOR_DEFINITIONS = (
					"DEBUG=1",
					"$(inherited)",
				);
				GCC_WARN_64_TO_32_BIT_CONVERSION = YES;
				GCC_WARN_ABOUT_RETURN_TYPE = YES_ERROR;
				GCC_WARN_UNDECLARED_SELECTOR = YES;
				GCC_WARN_UNINITIALIZED_AUTOS = YES_AGGRESSIVE;
				GCC_WARN_UNUSED_FUNCTION = YES;
				GCC_WARN_UNUSED_VARIABLE = YES;
				IPHONEOS_DEPLOYMENT_TARGET = 12.0;
				MTL_ENABLE_DEBUG_INFO = INCLUDE_SOURCE;
				MTL_FAST_MATH = YES;
				ONLY_ACTIVE_ARCH = YES;
				SDKROOT = iphoneos;
				SWIFT_ACTIVE_COMPILATION_CONDITIONS = DEBUG;
				SWIFT_OPTIMIZATION_LEVEL = "-Onone";
			};
			name = Debug;
		};
		573607DE23394482002518D0 /* Release */ = {
			isa = XCBuildConfiguration;
			buildSettings = {
				ALWAYS_SEARCH_USER_PATHS = NO;
				CLANG_ANALYZER_NONNULL = YES;
				CLANG_ANALYZER_NUMBER_OBJECT_CONVERSION = YES_AGGRESSIVE;
				CLANG_CXX_LANGUAGE_STANDARD = "gnu++14";
				CLANG_CXX_LIBRARY = "libc++";
				CLANG_ENABLE_MODULES = YES;
				CLANG_ENABLE_OBJC_ARC = YES;
				CLANG_ENABLE_OBJC_WEAK = YES;
				CLANG_WARN_BLOCK_CAPTURE_AUTORELEASING = YES;
				CLANG_WARN_BOOL_CONVERSION = YES;
				CLANG_WARN_COMMA = YES;
				CLANG_WARN_CONSTANT_CONVERSION = YES;
				CLANG_WARN_DEPRECATED_OBJC_IMPLEMENTATIONS = YES;
				CLANG_WARN_DIRECT_OBJC_ISA_USAGE = YES_ERROR;
				CLANG_WARN_DOCUMENTATION_COMMENTS = YES;
				CLANG_WARN_EMPTY_BODY = YES;
				CLANG_WARN_ENUM_CONVERSION = YES;
				CLANG_WARN_INFINITE_RECURSION = YES;
				CLANG_WARN_INT_CONVERSION = YES;
				CLANG_WARN_NON_LITERAL_NULL_CONVERSION = YES;
				CLANG_WARN_OBJC_IMPLICIT_RETAIN_SELF = YES;
				CLANG_WARN_OBJC_LITERAL_CONVERSION = YES;
				CLANG_WARN_OBJC_ROOT_CLASS = YES_ERROR;
				CLANG_WARN_RANGE_LOOP_ANALYSIS = YES;
				CLANG_WARN_STRICT_PROTOTYPES = YES;
				CLANG_WARN_SUSPICIOUS_MOVE = YES;
				CLANG_WARN_UNGUARDED_AVAILABILITY = YES_AGGRESSIVE;
				CLANG_WARN_UNREACHABLE_CODE = YES;
				CLANG_WARN__DUPLICATE_METHOD_MATCH = YES;
				COPY_PHASE_STRIP = NO;
				DEBUG_INFORMATION_FORMAT = "dwarf-with-dsym";
				ENABLE_NS_ASSERTIONS = NO;
				ENABLE_STRICT_OBJC_MSGSEND = YES;
				GCC_C_LANGUAGE_STANDARD = gnu11;
				GCC_NO_COMMON_BLOCKS = YES;
				GCC_WARN_64_TO_32_BIT_CONVERSION = YES;
				GCC_WARN_ABOUT_RETURN_TYPE = YES_ERROR;
				GCC_WARN_UNDECLARED_SELECTOR = YES;
				GCC_WARN_UNINITIALIZED_AUTOS = YES_AGGRESSIVE;
				GCC_WARN_UNUSED_FUNCTION = YES;
				GCC_WARN_UNUSED_VARIABLE = YES;
				IPHONEOS_DEPLOYMENT_TARGET = 12.0;
				MTL_ENABLE_DEBUG_INFO = NO;
				MTL_FAST_MATH = YES;
				SDKROOT = iphoneos;
				SWIFT_COMPILATION_MODE = wholemodule;
				SWIFT_OPTIMIZATION_LEVEL = "-O";
				VALIDATE_PRODUCT = YES;
			};
			name = Release;
		};
		573607E023394482002518D0 /* Debug */ = {
			isa = XCBuildConfiguration;
			buildSettings = {
				ASSETCATALOG_COMPILER_APPICON_NAME = AppIcon;
				CODE_SIGN_STYLE = Automatic;
				DEVELOPMENT_TEAM = SYMT858YV4;
				INFOPLIST_FILE = Calc/Info.plist;
				IPHONEOS_DEPLOYMENT_TARGET = 12.0;
				LD_RUNPATH_SEARCH_PATHS = (
					"$(inherited)",
					"@executable_path/Frameworks",
				);
				PRODUCT_BUNDLE_IDENTIFIER = net.homeip.paray.Calc;
				PRODUCT_NAME = "$(TARGET_NAME)";
				SWIFT_VERSION = 5.0;
				TARGETED_DEVICE_FAMILY = "1,2";
			};
			name = Debug;
		};
		573607E123394482002518D0 /* Release */ = {
			isa = XCBuildConfiguration;
			buildSettings = {
				ASSETCATALOG_COMPILER_APPICON_NAME = AppIcon;
				CODE_SIGN_STYLE = Automatic;
				DEVELOPMENT_TEAM = SYMT858YV4;
				INFOPLIST_FILE = Calc/Info.plist;
				IPHONEOS_DEPLOYMENT_TARGET = 12.0;
				LD_RUNPATH_SEARCH_PATHS = (
					"$(inherited)",
					"@executable_path/Frameworks",
				);
				PRODUCT_BUNDLE_IDENTIFIER = net.homeip.paray.Calc;
				PRODUCT_NAME = "$(TARGET_NAME)";
				SWIFT_VERSION = 5.0;
				TARGETED_DEVICE_FAMILY = "1,2";
			};
			name = Release;
		};
		573607E323394482002518D0 /* Debug */ = {
			isa = XCBuildConfiguration;
			buildSettings = {
				ALWAYS_EMBED_SWIFT_STANDARD_LIBRARIES = YES;
				BUNDLE_LOADER = "$(TEST_HOST)";
				CODE_SIGN_STYLE = Automatic;
				DEVELOPMENT_TEAM = SYMT858YV4;
				INFOPLIST_FILE = CalcTests/Info.plist;
				IPHONEOS_DEPLOYMENT_TARGET = 13.0;
				LD_RUNPATH_SEARCH_PATHS = (
					"$(inherited)",
					"@executable_path/Frameworks",
					"@loader_path/Frameworks",
				);
				PRODUCT_BUNDLE_IDENTIFIER = net.homeip.paray.CalcTests;
				PRODUCT_NAME = "$(TARGET_NAME)";
				SWIFT_VERSION = 5.0;
				TARGETED_DEVICE_FAMILY = "1,2";
				TEST_HOST = "$(BUILT_PRODUCTS_DIR)/Calc.app/Calc";
			};
			name = Debug;
		};
		573607E423394482002518D0 /* Release */ = {
			isa = XCBuildConfiguration;
			buildSettings = {
				ALWAYS_EMBED_SWIFT_STANDARD_LIBRARIES = YES;
				BUNDLE_LOADER = "$(TEST_HOST)";
				CODE_SIGN_STYLE = Automatic;
				DEVELOPMENT_TEAM = SYMT858YV4;
				INFOPLIST_FILE = CalcTests/Info.plist;
				IPHONEOS_DEPLOYMENT_TARGET = 13.0;
				LD_RUNPATH_SEARCH_PATHS = (
					"$(inherited)",
					"@executable_path/Frameworks",
					"@loader_path/Frameworks",
				);
				PRODUCT_BUNDLE_IDENTIFIER = net.homeip.paray.CalcTests;
				PRODUCT_NAME = "$(TARGET_NAME)";
				SWIFT_VERSION = 5.0;
				TARGETED_DEVICE_FAMILY = "1,2";
				TEST_HOST = "$(BUILT_PRODUCTS_DIR)/Calc.app/Calc";
			};
			name = Release;
		};
		573607E623394482002518D0 /* Debug */ = {
			isa = XCBuildConfiguration;
			buildSettings = {
				ALWAYS_EMBED_SWIFT_STANDARD_LIBRARIES = YES;
				CODE_SIGN_STYLE = Automatic;
				DEVELOPMENT_TEAM = SYMT858YV4;
				INFOPLIST_FILE = CalcUITests/Info.plist;
				LD_RUNPATH_SEARCH_PATHS = (
					"$(inherited)",
					"@executable_path/Frameworks",
					"@loader_path/Frameworks",
				);
				PRODUCT_BUNDLE_IDENTIFIER = net.homeip.paray.CalcUITests;
				PRODUCT_NAME = "$(TARGET_NAME)";
				SWIFT_VERSION = 5.0;
				TARGETED_DEVICE_FAMILY = "1,2";
				TEST_TARGET_NAME = Calc;
			};
			name = Debug;
		};
		573607E723394482002518D0 /* Release */ = {
			isa = XCBuildConfiguration;
			buildSettings = {
				ALWAYS_EMBED_SWIFT_STANDARD_LIBRARIES = YES;
				CODE_SIGN_STYLE = Automatic;
				DEVELOPMENT_TEAM = SYMT858YV4;
				INFOPLIST_FILE = CalcUITests/Info.plist;
				LD_RUNPATH_SEARCH_PATHS = (
					"$(inherited)",
					"@executable_path/Frameworks",
					"@loader_path/Frameworks",
				);
				PRODUCT_BUNDLE_IDENTIFIER = net.homeip.paray.CalcUITests;
				PRODUCT_NAME = "$(TARGET_NAME)";
				SWIFT_VERSION = 5.0;
				TARGETED_DEVICE_FAMILY = "1,2";
				TEST_TARGET_NAME = Calc;
			};
			name = Release;
		};
/* End XCBuildConfiguration section */

/* Begin XCConfigurationList section */
		573607B023394481002518D0 /* Build configuration list for PBXProject "Calc" */ = {
			isa = XCConfigurationList;
			buildConfigurations = (
				573607DD23394482002518D0 /* Debug */,
				573607DE23394482002518D0 /* Release */,
			);
			defaultConfigurationIsVisible = 0;
			defaultConfigurationName = Release;
		};
		573607DF23394482002518D0 /* Build configuration list for PBXNativeTarget "Calc" */ = {
			isa = XCConfigurationList;
			buildConfigurations = (
				573607E023394482002518D0 /* Debug */,
				573607E123394482002518D0 /* Release */,
			);
			defaultConfigurationIsVisible = 0;
			defaultConfigurationName = Release;
		};
		573607E223394482002518D0 /* Build configuration list for PBXNativeTarget "CalcTests" */ = {
			isa = XCConfigurationList;
			buildConfigurations = (
				573607E323394482002518D0 /* Debug */,
				573607E423394482002518D0 /* Release */,
			);
			defaultConfigurationIsVisible = 0;
			defaultConfigurationName = Release;
		};
		573607E523394482002518D0 /* Build configuration list for PBXNativeTarget "CalcUITests" */ = {
			isa = XCConfigurationList;
			buildConfigurations = (
				573607E623394482002518D0 /* Debug */,
				573607E723394482002518D0 /* Release */,
			);
			defaultConfigurationIsVisible = 0;
			defaultConfigurationName = Release;
		};
/* End XCConfigurationList section */
	};
	rootObject = 573607AD23394481002518D0 /* Project object */;
}
